
Microsoft Visual Studio Solution File, Format Version 12.00
# Visual Studio Version 16
VisualStudioVersion = 16.0.29806.167
MinimumVisualStudioVersion = 10.0.40219.1
Project("{FAE04EC0-301F-11D3-BF4B-00C04F79EFBC}") = "WindowsFormsApp1", "WindowsFormsApp1\WindowsFormsApp1.csproj", "{EAEFABE3-F40B-4ADE-BA6C-2811F3929171}"
EndProject
Global
	GlobalSection(SolutionConfigurationPlatforms) = preSolution
		Debug|Any CPU = Debug|Any CPU
		Release|Any CPU = Release|Any CPU
	EndGlobalSection
	GlobalSection(ProjectConfigurationPlatforms) = postSolution
		{EAEFABE3-F40B-4ADE-BA6C-2811F3929171}.Debug|Any CPU.ActiveCfg = Debug|Any CPU
		{EAEFABE3-F40B-4ADE-BA6C-2811F3929171}.Debug|Any CPU.Build.0 = Debug|Any CPU
		{EAEFABE3-F40B-4ADE-BA6C-2811F3929171}.Release|Any CPU.ActiveCfg = Release|Any CPU
		{EAEFABE3-F40B-4ADE-BA6C-2811F3929171}.Release|Any CPU.Build.0 = Release|Any CPU
	EndGlobalSection
	GlobalSection(SolutionProperties) = preSolution
		HideSolutionNode = FALSE
	EndGlobalSection
	GlobalSection(ExtensibilityGlobals) = postSolution
		SolutionGuid = {D6595AD9-4E54-4688-AE0F-19FC288631A2}
	EndGlobalSection
EndGlobal
